
Microsoft Visual Studio Solution File, Format Version 12.00
# Visual Studio Version 16
VisualStudioVersion = 16.0.28803.452
MinimumVisualStudioVersion = 10.0.40219.1
Project("{FAE04EC0-301F-11D3-BF4B-00C04F79EFBC}") = "IntelligentBusinessApi", "IntelligentBusinessApi\IntelligentBusinessApi.csproj", "{0D9C0DF3-BF0F-4EAE-9978-F92F5190ECC1}"
EndProject
Global
	GlobalSection(SolutionConfigurationPlatforms) = preSolution
		Debug|Any CPU = Debug|Any CPU
		Release|Any CPU = Release|Any CPU
	EndGlobalSection
	GlobalSection(ProjectConfigurationPlatforms) = postSolution
		{0D9C0DF3-BF0F-4EAE-9978-F92F5190ECC1}.Debug|Any CPU.ActiveCfg = Debug|Any CPU
		{0D9C0DF3-BF0F-4EAE-9978-F92F5190ECC1}.Debug|Any CPU.Build.0 = Debug|Any CPU
		{0D9C0DF3-BF0F-4EAE-9978-F92F5190ECC1}.Release|Any CPU.ActiveCfg = Release|Any CPU
		{0D9C0DF3-BF0F-4EAE-9978-F92F5190ECC1}.Release|Any CPU.Build.0 = Release|Any CPU
	EndGlobalSection
	GlobalSection(SolutionProperties) = preSolution
		HideSolutionNode = FALSE
	EndGlobalSection
	GlobalSection(ExtensibilityGlobals) = postSolution
		SolutionGuid = {E0A0FDD8-D73B-4CA6-AE4C-D23CBFA4F041}
	EndGlobalSection
EndGlobal
